
Microsoft Visual Studio Solution File, Format Version 12.00
# Visual Studio Version 16
VisualStudioVersion = 16.0.31005.135
MinimumVisualStudioVersion = 10.0.40219.1
Project("{FAE04EC0-301F-11D3-BF4B-00C04F79EFBC}") = "AdapterDesingPattern", "AdapterDesingPattern\AdapterDesingPattern.csproj", "{A697A925-9B2B-4941-A133-C9F285F020CF}"
EndProject
Global
	GlobalSection(SolutionConfigurationPlatforms) = preSolution
		Debug|Any CPU = Debug|Any CPU
		Release|Any CPU = Release|Any CPU
	EndGlobalSection
	GlobalSection(ProjectConfigurationPlatforms) = postSolution
		{A697A925-9B2B-4941-A133-C9F285F020CF}.Debug|Any CPU.ActiveCfg = Debug|Any CPU
		{A697A925-9B2B-4941-A133-C9F285F020CF}.Debug|Any CPU.Build.0 = Debug|Any CPU
		{A697A925-9B2B-4941-A133-C9F285F020CF}.Release|Any CPU.ActiveCfg = Release|Any CPU
		{A697A925-9B2B-4941-A133-C9F285F020CF}.Release|Any CPU.Build.0 = Release|Any CPU
	EndGlobalSection
	GlobalSection(SolutionProperties) = preSolution
		HideSolutionNode = FALSE
	EndGlobalSection
	GlobalSection(ExtensibilityGlobals) = postSolution
		SolutionGuid = {C78B4016-F385-40B2-B15D-F7ABAB8735AD}
	EndGlobalSection
EndGlobal
