
Microsoft Visual Studio Solution File, Format Version 12.00
# Visual Studio 15
VisualStudioVersion = 15.0.28307.1145
MinimumVisualStudioVersion = 10.0.40219.1
Project("{FAE04EC0-301F-11D3-BF4B-00C04F79EFBC}") = "AbstractFactoryDesingPattern", "AbstractFactoryDesingPattern\AbstractFactoryDesingPattern.csproj", "{038B9C92-E4C1-4CA2-A31E-067610B9D538}"
EndProject
Global
	GlobalSection(SolutionConfigurationPlatforms) = preSolution
		Debug|Any CPU = Debug|Any CPU
		Release|Any CPU = Release|Any CPU
	EndGlobalSection
	GlobalSection(ProjectConfigurationPlatforms) = postSolution
		{038B9C92-E4C1-4CA2-A31E-067610B9D538}.Debug|Any CPU.ActiveCfg = Debug|Any CPU
		{038B9C92-E4C1-4CA2-A31E-067610B9D538}.Debug|Any CPU.Build.0 = Debug|Any CPU
		{038B9C92-E4C1-4CA2-A31E-067610B9D538}.Release|Any CPU.ActiveCfg = Release|Any CPU
		{038B9C92-E4C1-4CA2-A31E-067610B9D538}.Release|Any CPU.Build.0 = Release|Any CPU
	EndGlobalSection
	GlobalSection(SolutionProperties) = preSolution
		HideSolutionNode = FALSE
	EndGlobalSection
	GlobalSection(ExtensibilityGlobals) = postSolution
		SolutionGuid = {1EC5C708-6136-4ABA-9D3A-0B79548DA50B}
	EndGlobalSection
EndGlobal
