
Microsoft Visual Studio Solution File, Format Version 12.00
# Visual Studio 15
VisualStudioVersion = 15.0.28307.1145
MinimumVisualStudioVersion = 10.0.40219.1
Project("{FAE04EC0-301F-11D3-BF4B-00C04F79EFBC}") = "PrototypeDesingPattern", "PrototypeDesingPattern\PrototypeDesingPattern.csproj", "{64A9B796-38BC-4DAA-B2CF-102E9F049E04}"
EndProject
Global
	GlobalSection(SolutionConfigurationPlatforms) = preSolution
		Debug|Any CPU = Debug|Any CPU
		Release|Any CPU = Release|Any CPU
	EndGlobalSection
	GlobalSection(ProjectConfigurationPlatforms) = postSolution
		{64A9B796-38BC-4DAA-B2CF-102E9F049E04}.Debug|Any CPU.ActiveCfg = Debug|Any CPU
		{64A9B796-38BC-4DAA-B2CF-102E9F049E04}.Debug|Any CPU.Build.0 = Debug|Any CPU
		{64A9B796-38BC-4DAA-B2CF-102E9F049E04}.Release|Any CPU.ActiveCfg = Release|Any CPU
		{64A9B796-38BC-4DAA-B2CF-102E9F049E04}.Release|Any CPU.Build.0 = Release|Any CPU
	EndGlobalSection
	GlobalSection(SolutionProperties) = preSolution
		HideSolutionNode = FALSE
	EndGlobalSection
	GlobalSection(ExtensibilityGlobals) = postSolution
		SolutionGuid = {0F306155-4AAC-48AE-A059-9A64B51B8B11}
	EndGlobalSection
EndGlobal
