
Microsoft Visual Studio Solution File, Format Version 12.00
# Visual Studio Version 16
VisualStudioVersion = 16.0.31205.134
MinimumVisualStudioVersion = 10.0.40219.1
Project("{FAE04EC0-301F-11D3-BF4B-00C04F79EFBC}") = "AdapterDesingPattern", "AdapterDesingPattern\AdapterDesingPattern.csproj", "{77277E3A-0533-4859-8C01-AE9B268B5BCA}"
EndProject
Global
	GlobalSection(SolutionConfigurationPlatforms) = preSolution
		Debug|Any CPU = Debug|Any CPU
		Release|Any CPU = Release|Any CPU
	EndGlobalSection
	GlobalSection(ProjectConfigurationPlatforms) = postSolution
		{77277E3A-0533-4859-8C01-AE9B268B5BCA}.Debug|Any CPU.ActiveCfg = Debug|Any CPU
		{77277E3A-0533-4859-8C01-AE9B268B5BCA}.Debug|Any CPU.Build.0 = Debug|Any CPU
		{77277E3A-0533-4859-8C01-AE9B268B5BCA}.Release|Any CPU.ActiveCfg = Release|Any CPU
		{77277E3A-0533-4859-8C01-AE9B268B5BCA}.Release|Any CPU.Build.0 = Release|Any CPU
	EndGlobalSection
	GlobalSection(SolutionProperties) = preSolution
		HideSolutionNode = FALSE
	EndGlobalSection
	GlobalSection(ExtensibilityGlobals) = postSolution
		SolutionGuid = {EA004D58-E324-41D3-918B-56A3DF5636CA}
	EndGlobalSection
EndGlobal
